{
    "_meta": {
        "hash": {
            "sha256": "54a289d08e2b2dedd50b175978ba45f8b2c7e5d9eae4d45e2e1abb0bec2424b5"
        },
        "pipfile-spec": 6,
        "requires": {
            "python_version": "3.11"
        },
        "sources": [
            {
                "name": "pypi",
                "url": "https://pypi.org/simple",
                "verify_ssl": true
            }
        ]
    },
    "default": {
        "pulp": {
            "hashes": [
                "sha256:b6de42c929e80325bf44cc7a2997f02535440800c376b9eb8cb7b4670ed53769",
                "sha256:e73ee6b32d639c9b8cf4b4aded334ba158be5f8313544e056f796ace0a10ae63"
            ],
            "index": "pypi",
            "version": "==2.7.0"
        }
    },
    "develop": {}
}
